<?xml version="1.0" encoding="utf-8"?>
<Project ToolsVersion="4.0" xmlns="http://schemas.microsoft.com/developer/msbuild/2003">
  <ItemGroup>
    <Filter Include="Headers">
      <UniqueIdentifier>{9B4D2BD3-85B7-4723-B3BC-2E1B5EDB7440}</UniqueIdentifier>
    </Filter>
    <Filter Include="Sources">
      <UniqueIdentifier>{9FFBBF90-5B4C-4864-AE66-6D953C4550B0}</UniqueIdentifier>
    </Filter>
  </ItemGroup>
  <ItemGroup>
    <ClInclude Include="FrameWork\BackEnd\d3d12backend.h">
      <Filter>Headers</Filter>
    </ClInclude>
    <ClInclude Include="FrameWork\BackEnd\d3d12unique.h">
      <Filter>Headers</Filter>
    </ClInclude>
    <ClInclude Include="FrameWork\BackEnd\resourcebindingmap.h">
      <Filter>Headers</Filter>
    </ClInclude>
    <ClInclude Include="FrameWork\BackEnd\RHIbasictypes.h">
      <Filter>Headers</Filter>
    </ClInclude>
    <ClInclude Include="FrameWork\BackEnd\RHIconstants.h">
      <Filter>Headers</Filter>
    </ClInclude>
    <ClInclude Include="FrameWork\BackEnd\RHIenums.h">
      <Filter>Headers</Filter>
    </ClInclude>
    <ClInclude Include="FrameWork\BackEnd\RHIinterface.h">
      <Filter>Headers</Filter>
    </ClInclude>
    <ClInclude Include="FrameWork\BackEnd\RHItypedefs.h">
      <Filter>Headers</Filter>
    </ClInclude>
    <ClInclude Include="FrameWork\BackEnd\statetracking.h">
      <Filter>Headers</Filter>
    </ClInclude>
    <ClInclude Include="FrameWork\BackEnd\versioning.h">
      <Filter>Headers</Filter>
    </ClInclude>
    <ClInclude Include="FrameWork\BackEnd\vulkanbackend.h">
      <Filter>Headers</Filter>
    </ClInclude>
    <ClInclude Include="FrameWork\BackEnd\vulkanunique.h">
      <Filter>Headers</Filter>
    </ClInclude>
  </ItemGroup>
  <ItemGroup>
    <ClCompile Include="FrameWork\BackEnd\d3d12backend.cpp">
      <Filter>Sources</Filter>
    </ClCompile>
    <ClCompile Include="FrameWork\BackEnd\d3d12buffer.cpp">
      <Filter>Sources</Filter>
    </ClCompile>
    <ClCompile Include="FrameWork\BackEnd\d3d12commandlist.cpp">
      <Filter>Sources</Filter>
    </ClCompile>
    <ClCompile Include="FrameWork\BackEnd\d3d12compute.cpp">
      <Filter>Sources</Filter>
    </ClCompile>
    <ClCompile Include="FrameWork\BackEnd\d3d12constants.cpp">
      <Filter>Sources</Filter>
    </ClCompile>
    <ClCompile Include="FrameWork\BackEnd\d3d12descriptorheap.cpp">
      <Filter>Sources</Filter>
    </ClCompile>
    <ClCompile Include="FrameWork\BackEnd\d3d12device.cpp">
      <Filter>Sources</Filter>
    </ClCompile>
    <ClCompile Include="FrameWork\BackEnd\d3d12graphics.cpp">
      <Filter>Sources</Filter>
    </ClCompile>
    <ClCompile Include="FrameWork\BackEnd\d3d12meshlets.cpp">
      <Filter>Sources</Filter>
    </ClCompile>
    <ClCompile Include="FrameWork\BackEnd\d3d12queries.cpp">
      <Filter>Sources</Filter>
    </ClCompile>
    <ClCompile Include="FrameWork\BackEnd\d3d12raytracing.cpp">
      <Filter>Sources</Filter>
    </ClCompile>
    <ClCompile Include="FrameWork\BackEnd\d3d12resourcebindings.cpp">
      <Filter>Sources</Filter>
    </ClCompile>
    <ClCompile Include="FrameWork\BackEnd\d3d12shader.cpp">
      <Filter>Sources</Filter>
    </ClCompile>
    <ClCompile Include="FrameWork\BackEnd\d3d12statetracking.cpp">
      <Filter>Sources</Filter>
    </ClCompile>
    <ClCompile Include="FrameWork\BackEnd\d3d12texture.cpp">
      <Filter>Sources</Filter>
    </ClCompile>
    <ClCompile Include="FrameWork\BackEnd\d3d12upload.cpp">
      <Filter>Sources</Filter>
    </ClCompile>
    <ClCompile Include="FrameWork\BackEnd\RHIformatinfo.cpp">
      <Filter>Sources</Filter>
    </ClCompile>
    <ClCompile Include="FrameWork\BackEnd\RHIinterface.cpp">
      <Filter>Sources</Filter>
    </ClCompile>
    <ClCompile Include="FrameWork\BackEnd\statetracking.cpp">
      <Filter>Sources</Filter>
    </ClCompile>
    <ClCompile Include="FrameWork\BackEnd\vulkanbackend.cpp">
      <Filter>Sources</Filter>
    </ClCompile>
  </ItemGroup>
</Project>
