<?xml version="1.0" encoding="utf-8"?>
<Project ToolsVersion="4.0" xmlns="http://schemas.microsoft.com/developer/msbuild/2003">
  <ItemGroup>
    <Filter Include="Sources">
      <UniqueIdentifier>{9B865253-4825-4217-99E2-D4F57E6DE46A}</UniqueIdentifier>
    </Filter>
    <Filter Include="Shaders">
      <UniqueIdentifier>{9C4790E6-8861-405B-9CE1-BA417C0BB7BC}</UniqueIdentifier>
    </Filter>
  </ItemGroup>
  <ItemGroup>
    <ClCompile Include="Test\d3d12test.cpp">
      <Filter>Sources</Filter>
    </ClCompile>
    <ClCompile Include="Test\main.cpp">
      <Filter>Sources</Filter>
    </ClCompile>
    <ClCompile Include="Test\testcommon.cpp">
      <Filter>Sources</Filter>
    </ClCompile>
    <ClCompile Include="Test\vulkantest.cpp">
      <Filter>Sources</Filter>
    </ClCompile>
  </ItemGroup>
  <ItemGroup>
    <FxCompile Include="Shaders\test\triangle.vs.hlsl">
      <Filter>Shaders</Filter>
    </FxCompile>
    <FxCompile Include="Shaders\test\triangle.ps.hlsl">
      <Filter>Shaders</Filter>
    </FxCompile>
  </ItemGroup>
</Project>
